github.com/google/uuid v1.1.1 h1:Gkbcsh/GbpXz7lPftLA3P6TYMwjCLYm83jiFQZF/3gY=
github.com/google/uuid v1.1.1/go.mod h1:TIyPZe4MgqvfeYDBFedMoGGpEw/LqOeaOT+nhxU+yHo=
github.com/google/uuid v1.3.0 h1:t6JiXgmwXMjEs8VusXIJk2BXHsn+wx8BZdTaoZ5fu7I=
github.com/google/uuid v1.3.0/go.mod h1:TIyPZe4MgqvfeYDBFedMoGGpEw/LqOeaOT+nhxU+yHo=
github.com/neovim/go-client v1.0.0 h1:fborvig+qN5QP20XAARJZH4hqyMUHaZ70b7nFOb/RAA=
github.com/neovim/go-client v1.0.0/go.mod h1:cHx8fl6EhCgSA/pyKeVtyl3o6UzgE31ADtc+bx3JpKg=
github.com/neovim/go-client v1.2.1 h1:kl3PgYgbnBfvaIoGYi3ojyXH0ouY6dJY/rYUCssZKqI=
github.com/neovim/go-client v1.2.1/go.mod h1:EeqCP3z1vJd70JTaH/KXz9RMZ/nIgEFveX83hYnh/7c=
github.com/sashabaranov/go-openai v1.9.1 h1:3N52HkJKo9Zlo/oe1AVv5ZkCOny0ra58/ACvAxkN3MM=
github.com/sashabaranov/go-openai v1.9.1/go.mod h1:lj5b/K+zjTSFxVLijLSTDZuP7adOgerWeFyZLUhAKRg=
github.com/sashabaranov/go-openai v1.13.0 h1:EAusFfnhaMaaUspUZ2+MbB/ZcVeD4epJmTOlZ+8AcAE=
github.com/sashabaranov/go-openai v1.13.0/go.mod h1:lj5b/K+zjTSFxVLijLSTDZuP7adOgerWeFyZLUhAKRg=
